
Microsoft Visual Studio Solution File, Format Version 12.00
# Visual Studio Version 17
VisualStudioVersion = 17.0.31903.59
MinimumVisualStudioVersion = 10.0.40219.1
Project("{FAE04EC0-301F-11D3-BF4B-00C04F79EFBC}") = "PwshAzContainerApp", "PwshAzContainerApp.csproj", "{023045F6-3B72-41B0-927E-25DC3E698B30}"
EndProject
Global
	GlobalSection(SolutionConfigurationPlatforms) = preSolution
		Debug|Any CPU = Debug|Any CPU
		Release|Any CPU = Release|Any CPU
	EndGlobalSection
	GlobalSection(SolutionProperties) = preSolution
		HideSolutionNode = FALSE
	EndGlobalSection
	GlobalSection(ProjectConfigurationPlatforms) = postSolution
		{023045F6-3B72-41B0-927E-25DC3E698B30}.Debug|Any CPU.ActiveCfg = Debug|Any CPU
		{023045F6-3B72-41B0-927E-25DC3E698B30}.Debug|Any CPU.Build.0 = Debug|Any CPU
		{023045F6-3B72-41B0-927E-25DC3E698B30}.Release|Any CPU.ActiveCfg = Release|Any CPU
		{023045F6-3B72-41B0-927E-25DC3E698B30}.Release|Any CPU.Build.0 = Release|Any CPU
	EndGlobalSection
EndGlobal
